// !$*UTF8*$!
{
	archiveVersion = 1;
	classes = {
	};
	objectVersion = 46;
	objects = {

/* Begin PBXBuildFile section */
		91CD20A71C4F46560071C383 /* AppDelegate.swift in Sources */ = {isa = PBXBuildFile; fileRef = 91CD20A61C4F46560071C383 /* AppDelegate.swift */; };
		91CD20A91C4F46560071C383 /* ViewController.swift in Sources */ = {isa = PBXBuildFile; fileRef = 91CD20A81C4F46560071C383 /* ViewController.swift */; };
		91CD20AC1C4F46560071C383 /* Main.storyboard in Resources */ = {isa = PBXBuildFile; fileRef = 91CD20AA1C4F46560071C383 /* Main.storyboard */; };
		91CD20AE1C4F46560071C383 /* Assets.xcassets in Resources */ = {isa = PBXBuildFile; fileRef = 91CD20AD1C4F46560071C383 /* Assets.xcassets */; };
		91CD20B11C4F46560071C383 /* LaunchScreen.storyboard in Resources */ = {isa = PBXBuildFile; fileRef = 91CD20AF1C4F46560071C383 /* LaunchScreen.storyboard */; };
		91CD20BC1C4F46560071C383 /* Pitch_PerfectTests.swift in Sources */ = {isa = PBXBuildFile; fileRef = 91CD20BB1C4F46560071C383 /* Pitch_PerfectTests.swift */; };
		91CD20C71C4F46560071C383 /* Pitch_PerfectUITests.swift in Sources */ = {isa = PBXBuildFile; fileRef = 91CD20C61C4F46560071C383 /* Pitch_PerfectUITests.swift */; };
		91CD20D51C4F82280071C383 /* PlaySoundsViewController.swift in Sources */ = {isa = PBXBuildFile; fileRef = 91CD20D41C4F82280071C383 /* PlaySoundsViewController.swift */; };
		91CD20D91C4F8B3D0071C383 /* movie_quote.mp3 in Resources */ = {isa = PBXBuildFile; fileRef = 91CD20D81C4F8B3D0071C383 /* movie_quote.mp3 */; };
/* End PBXBuildFile section */

/* Begin PBXContainerItemProxy section */
		91CD20B81C4F46560071C383 /* PBXContainerItemProxy */ = {
			isa = PBXContainerItemProxy;
			containerPortal = 91CD209B1C4F46560071C383 /* Project object */;
			proxyType = 1;
			remoteGlobalIDString = 91CD20A21C4F46560071C383;
			remoteInfo = "Pitch Perfect";
		};
		91CD20C31C4F46560071C383 /* PBXContainerItemProxy */ = {
			isa = PBXContainerItemProxy;
			containerPortal = 91CD209B1C4F46560071C383 /* Project object */;
			proxyType = 1;
			remoteGlobalIDString = 91CD20A21C4F46560071C383;
			remoteInfo = "Pitch Perfect";
		};
/* End PBXContainerItemProxy section */

/* Begin PBXFileReference section */
		91CD20A31C4F46560071C383 /* Pitch Perfect.app */ = {isa = PBXFileReference; explicitFileType = wrapper.application; includeInIndex = 0; path = "Pitch Perfect.app"; sourceTree = BUILT_PRODUCTS_DIR; };
		91CD20A61C4F46560071C383 /* AppDelegate.swift */ = {isa = PBXFileReference; lastKnownFileType = sourcecode.swift; path = AppDelegate.swift; sourceTree = "<group>"; };
		91CD20A81C4F46560071C383 /* ViewController.swift */ = {isa = PBXFileReference; lastKnownFileType = sourcecode.swift; path = ViewController.swift; sourceTree = "<group>"; };
		91CD20AB1C4F46560071C383 /* Base */ = {isa = PBXFileReference; lastKnownFileType = file.storyboard; name = Base; path = Base.lproj/Main.storyboard; sourceTree = "<group>"; };
		91CD20AD1C4F46560071C383 /* Assets.xcassets */ = {isa = PBXFileReference; lastKnownFileType = folder.assetcatalog; path = Assets.xcassets; sourceTree = "<group>"; };
		91CD20B01C4F46560071C383 /* Base */ = {isa = PBXFileReference; lastKnownFileType = file.storyboard; name = Base; path = Base.lproj/LaunchScreen.storyboard; sourceTree = "<group>"; };
		91CD20B21C4F46560071C383 /* Info.plist */ = {isa = PBXFileReference; lastKnownFileType = text.plist.xml; path = Info.plist; sourceTree = "<group>"; };
		91CD20B71C4F46560071C383 /* Pitch PerfectTests.xctest */ = {isa = PBXFileReference; explicitFileType = wrapper.cfbundle; includeInIndex = 0; path = "Pitch PerfectTests.xctest"; sourceTree = BUILT_PRODUCTS_DIR; };
		91CD20BB1C4F46560071C383 /* Pitch_PerfectTests.swift */ = {isa = PBXFileReference; lastKnownFileType = sourcecode.swift; path = Pitch_PerfectTests.swift; sourceTree = "<group>"; };
		91CD20BD1C4F46560071C383 /* Info.plist */ = {isa = PBXFileReference; lastKnownFileType = text.plist.xml; path = Info.plist; sourceTree = "<group>"; };
		91CD20C21C4F46560071C383 /* Pitch PerfectUITests.xctest */ = {isa = PBXFileReference; explicitFileType = wrapper.cfbundle; includeInIndex = 0; path = "Pitch PerfectUITests.xctest"; sourceTree = BUILT_PRODUCTS_DIR; };
		91CD20C61C4F46560071C383 /* Pitch_PerfectUITests.swift */ = {isa = PBXFileReference; lastKnownFileType = sourcecode.swift; path = Pitch_PerfectUITests.swift; sourceTree = "<group>"; };
		91CD20C81C4F46560071C383 /* Info.plist */ = {isa = PBXFileReference; lastKnownFileType = text.plist.xml; path = Info.plist; sourceTree = "<group>"; };
		91CD20D41C4F82280071C383 /* PlaySoundsViewController.swift */ = {isa = PBXFileReference; fileEncoding = 4; lastKnownFileType = sourcecode.swift; path = PlaySoundsViewController.swift; sourceTree = "<group>"; };
		91CD20D81C4F8B3D0071C383 /* movie_quote.mp3 */ = {isa = PBXFileReference; lastKnownFileType = audio.mp3; name = movie_quote.mp3; path = ../movie_quote.mp3; sourceTree = "<group>"; };
/* End PBXFileReference section */

/* Begin PBXFrameworksBuildPhase section */
		91CD20A01C4F46560071C383 /* Frameworks */ = {
			isa = PBXFrameworksBuildPhase;
			buildActionMask = 2147483647;
			files = (
			);
			runOnlyForDeploymentPostprocessing = 0;
		};
		91CD20B41C4F46560071C383 /* Frameworks */ = {
			isa = PBXFrameworksBuildPhase;
			buildActionMask = 2147483647;
			files = (
			);
			runOnlyForDeploymentPostprocessing = 0;
		};
		91CD20BF1C4F46560071C383 /* Frameworks */ = {
			isa = PBXFrameworksBuildPhase;
			buildActionMask = 2147483647;
			files = (
			);
			runOnlyForDeploymentPostprocessing = 0;
		};
/* End PBXFrameworksBuildPhase section */

/* Begin PBXGroup section */
		91CD209A1C4F46560071C383 = {
			isa = PBXGroup;
			children = (
				91CD20A51C4F46560071C383 /* Pitch Perfect */,
				91CD20BA1C4F46560071C383 /* Pitch PerfectTests */,
				91CD20C51C4F46560071C383 /* Pitch PerfectUITests */,
				91CD20A41C4F46560071C383 /* Products */,
			);
			sourceTree = "<group>";
		};
		91CD20A41C4F46560071C383 /* Products */ = {
			isa = PBXGroup;
			children = (
				91CD20A31C4F46560071C383 /* Pitch Perfect.app */,
				91CD20B71C4F46560071C383 /* Pitch PerfectTests.xctest */,
				91CD20C21C4F46560071C383 /* Pitch PerfectUITests.xctest */,
			);
			name = Products;
			sourceTree = "<group>";
		};
		91CD20A51C4F46560071C383 /* Pitch Perfect */ = {
			isa = PBXGroup;
			children = (
				91CD20A61C4F46560071C383 /* AppDelegate.swift */,
				91CD20A81C4F46560071C383 /* ViewController.swift */,
				91CD20AA1C4F46560071C383 /* Main.storyboard */,
				91CD20D41C4F82280071C383 /* PlaySoundsViewController.swift */,
				91CD20AD1C4F46560071C383 /* Assets.xcassets */,
				91CD20D81C4F8B3D0071C383 /* movie_quote.mp3 */,
				91CD20AF1C4F46560071C383 /* LaunchScreen.storyboard */,
				91CD20B21C4F46560071C383 /* Info.plist */,
			);
			path = "Pitch Perfect";
			sourceTree = "<group>";
		};
		91CD20BA1C4F46560071C383 /* Pitch PerfectTests */ = {
			isa = PBXGroup;
			children = (
				91CD20BB1C4F46560071C383 /* Pitch_PerfectTests.swift */,
				91CD20BD1C4F46560071C383 /* Info.plist */,
			);
			path = "Pitch PerfectTests";
			sourceTree = "<group>";
		};
		91CD20C51C4F46560071C383 /* Pitch PerfectUITests */ = {
			isa = PBXGroup;
			children = (
				91CD20C61C4F46560071C383 /* Pitch_PerfectUITests.swift */,
				91CD20C81C4F46560071C383 /* Info.plist */,
			);
			path = "Pitch PerfectUITests";
			sourceTree = "<group>";
		};
/* End PBXGroup section */

/* Begin PBXNativeTarget section */
		91CD20A21C4F46560071C383 /* Pitch Perfect */ = {
			isa = PBXNativeTarget;
			buildConfigurationList = 91CD20CB1C4F46560071C383 /* Build configuration list for PBXNativeTarget "Pitch Perfect" */;
			buildPhases = (
				91CD209F1C4F46560071C383 /* Sources */,
				91CD20A01C4F46560071C383 /* Frameworks */,
				91CD20A11C4F46560071C383 /* Resources */,
			);
			buildRules = (
			);
			dependencies = (
			);
			name = "Pitch Perfect";
			productName = "Pitch Perfect";
			productReference = 91CD20A31C4F46560071C383 /* Pitch Perfect.app */;
			productType = "com.apple.product-type.application";
		};
		91CD20B61C4F46560071C383 /* Pitch PerfectTests */ = {
			isa = PBXNativeTarget;
			buildConfigurationList = 91CD20CE1C4F46560071C383 /* Build configuration list for PBXNativeTarget "Pitch PerfectTests" */;
			buildPhases = (
				91CD20B31C4F46560071C383 /* Sources */,
				91CD20B41C4F46560071C383 /* Frameworks */,
				91CD20B51C4F46560071C383 /* Resources */,
			);
			buildRules = (
			);
			dependencies = (
				91CD20B91C4F46560071C383 /* PBXTargetDependency */,
			);
			name = "Pitch PerfectTests";
			productName = "Pitch PerfectTests";
			productReference = 91CD20B71C4F46560071C383 /* Pitch PerfectTests.xctest */;
			productType = "com.apple.product-type.bundle.unit-test";
		};
		91CD20C11C4F46560071C383 /* Pitch PerfectUITests */ = {
			isa = PBXNativeTarget;
			buildConfigurationList = 91CD20D11C4F46560071C383 /* Build configuration list for PBXNativeTarget "Pitch PerfectUITests" */;
			buildPhases = (
				91CD20BE1C4F46560071C383 /* Sources */,
				91CD20BF1C4F46560071C383 /* Frameworks */,
				91CD20C01C4F46560071C383 /* Resources */,
			);
			buildRules = (
			);
			dependencies = (
				91CD20C41C4F46560071C383 /* PBXTargetDependency */,
			);
			name = "Pitch PerfectUITests";
			productName = "Pitch PerfectUITests";
			productReference = 91CD20C21C4F46560071C383 /* Pitch PerfectUITests.xctest */;
			productType = "com.apple.product-type.bundle.ui-testing";
		};
/* End PBXNativeTarget section */

/* Begin PBXProject section */
		91CD209B1C4F46560071C383 /* Project object */ = {
			isa = PBXProject;
			attributes = {
				LastSwiftUpdateCheck = 0720;
				LastUpgradeCheck = 0720;
				ORGANIZATIONNAME = "Stanley Pan";
				TargetAttributes = {
					91CD20A21C4F46560071C383 = {
						CreatedOnToolsVersion = 7.2;
						DevelopmentTeam = P48JT8XFF3;
					};
					91CD20B61C4F46560071C383 = {
						CreatedOnToolsVersion = 7.2;
						DevelopmentTeam = P48JT8XFF3;
						TestTargetID = 91CD20A21C4F46560071C383;
					};
					91CD20C11C4F46560071C383 = {
						CreatedOnToolsVersion = 7.2;
						DevelopmentTeam = P48JT8XFF3;
						TestTargetID = 91CD20A21C4F46560071C383;
					};
				};
			};
			buildConfigurationList = 91CD209E1C4F46560071C383 /* Build configuration list for PBXProject "Pitch Perfect" */;
			compatibilityVersion = "Xcode 3.2";
			developmentRegion = English;
			hasScannedForEncodings = 0;
			knownRegions = (
				en,
				Base,
			);
			mainGroup = 91CD209A1C4F46560071C383;
			productRefGroup = 91CD20A41C4F46560071C383 /* Products */;
			projectDirPath = "";
			projectRoot = "";
			targets = (
				91CD20A21C4F46560071C383 /* Pitch Perfect */,
				91CD20B61C4F46560071C383 /* Pitch PerfectTests */,
				91CD20C11C4F46560071C383 /* Pitch PerfectUITests */,
			);
		};
/* End PBXProject section */

/* Begin PBXResourcesBuildPhase section */
		91CD20A11C4F46560071C383 /* Resources */ = {
			isa = PBXResourcesBuildPhase;
			buildActionMask = 2147483647;
			files = (
				91CD20B11C4F46560071C383 /* LaunchScreen.storyboard in Resources */,
				91CD20AE1C4F46560071C383 /* Assets.xcassets in Resources */,
				91CD20D91C4F8B3D0071C383 /* movie_quote.mp3 in Resources */,
				91CD20AC1C4F46560071C383 /* Main.storyboard in Resources */,
			);
			runOnlyForDeploymentPostprocessing = 0;
		};
		91CD20B51C4F46560071C383 /* Resources */ = {
			isa = PBXResourcesBuildPhase;
			buildActionMask = 2147483647;
			files = (
			);
			runOnlyForDeploymentPostprocessing = 0;
		};
		91CD20C01C4F46560071C383 /* Resources */ = {
			isa = PBXResourcesBuildPhase;
			buildActionMask = 2147483647;
			files = (
			);
			runOnlyForDeploymentPostprocessing = 0;
		};
/* End PBXResourcesBuildPhase section */

/* Begin PBXSourcesBuildPhase section */
		91CD209F1C4F46560071C383 /* Sources */ = {
			isa = PBXSourcesBuildPhase;
			buildActionMask = 2147483647;
			files = (
				91CD20A91C4F46560071C383 /* ViewController.swift in Sources */,
				91CD20D51C4F82280071C383 /* PlaySoundsViewController.swift in Sources */,
				91CD20A71C4F46560071C383 /* AppDelegate.swift in Sources */,
			);
			runOnlyForDeploymentPostprocessing = 0;
		};
		91CD20B31C4F46560071C383 /* Sources */ = {
			isa = PBXSourcesBuildPhase;
			buildActionMask = 2147483647;
			files = (
				91CD20BC1C4F46560071C383 /* Pitch_PerfectTests.swift in Sources */,
			);
			runOnlyForDeploymentPostprocessing = 0;
		};
		91CD20BE1C4F46560071C383 /* Sources */ = {
			isa = PBXSourcesBuildPhase;
			buildActionMask = 2147483647;
			files = (
				91CD20C71C4F46560071C383 /* Pitch_PerfectUITests.swift in Sources */,
			);
			runOnlyForDeploymentPostprocessing = 0;
		};
/* End PBXSourcesBuildPhase section */

/* Begin PBXTargetDependency section */
		91CD20B91C4F46560071C383 /* PBXTargetDependency */ = {
			isa = PBXTargetDependency;
			target = 91CD20A21C4F46560071C383 /* Pitch Perfect */;
			targetProxy = 91CD20B81C4F46560071C383 /* PBXContainerItemProxy */;
		};
		91CD20C41C4F46560071C383 /* PBXTargetDependency */ = {
			isa = PBXTargetDependency;
			target = 91CD20A21C4F46560071C383 /* Pitch Perfect */;
			targetProxy = 91CD20C31C4F46560071C383 /* PBXContainerItemProxy */;
		};
/* End PBXTargetDependency section */

/* Begin PBXVariantGroup section */
		91CD20AA1C4F46560071C383 /* Main.storyboard */ = {
			isa = PBXVariantGroup;
			children = (
				91CD20AB1C4F46560071C383 /* Base */,
			);
			name = Main.storyboard;
			sourceTree = "<group>";
		};
		91CD20AF1C4F46560071C383 /* LaunchScreen.storyboard */ = {
			isa = PBXVariantGroup;
			children = (
				91CD20B01C4F46560071C383 /* Base */,
			);
			name = LaunchScreen.storyboard;
			sourceTree = "<group>";
		};
/* End PBXVariantGroup section */

/* Begin XCBuildConfiguration section */
		91CD20C91C4F46560071C383 /* Debug */ = {
			isa = XCBuildConfiguration;
			buildSettings = {
				ALWAYS_SEARCH_USER_PATHS = NO;
				CLANG_CXX_LANGUAGE_STANDARD = "gnu++0x";
				CLANG_CXX_LIBRARY = "libc++";
				CLANG_ENABLE_MODULES = YES;
				CLANG_ENABLE_OBJC_ARC = YES;
				CLANG_WARN_BOOL_CONVERSION = YES;
				CLANG_WARN_CONSTANT_CONVERSION = YES;
				CLANG_WARN_DIRECT_OBJC_ISA_USAGE = YES_ERROR;
				CLANG_WARN_EMPTY_BODY = YES;
				CLANG_WARN_ENUM_CONVERSION = YES;
				CLANG_WARN_INT_CONVERSION = YES;
				CLANG_WARN_OBJC_ROOT_CLASS = YES_ERROR;
				CLANG_WARN_UNREACHABLE_CODE = YES;
				CLANG_WARN__DUPLICATE_METHOD_MATCH = YES;
				"CODE_SIGN_IDENTITY[sdk=iphoneos*]" = "iPhone Developer";
				COPY_PHASE_STRIP = NO;
				DEBUG_INFORMATION_FORMAT = dwarf;
				ENABLE_STRICT_OBJC_MSGSEND = YES;
				ENABLE_TESTABILITY = YES;
				GCC_C_LANGUAGE_STANDARD = gnu99;
				GCC_DYNAMIC_NO_PIC = NO;
				GCC_NO_COMMON_BLOCKS = YES;
				GCC_OPTIMIZATION_LEVEL = 0;
				GCC_PREPROCESSOR_DEFINITIONS = (
					"DEBUG=1",
					"$(inherited)",
				);
				GCC_WARN_64_TO_32_BIT_CONVERSION = YES;
				GCC_WARN_ABOUT_RETURN_TYPE = YES_ERROR;
				GCC_WARN_UNDECLARED_SELECTOR = YES;
				GCC_WARN_UNINITIALIZED_AUTOS = YES_AGGRESSIVE;
				GCC_WARN_UNUSED_FUNCTION = YES;
				GCC_WARN_UNUSED_VARIABLE = YES;
				IPHONEOS_DEPLOYMENT_TARGET = 9.2;
				MTL_ENABLE_DEBUG_INFO = YES;
				ONLY_ACTIVE_ARCH = YES;
				SDKROOT = iphoneos;
				SWIFT_OPTIMIZATION_LEVEL = "-Onone";
			};
			name = Debug;
		};
		91CD20CA1C4F46560071C383 /* Release */ = {
			isa = XCBuildConfiguration;
			buildSettings = {
				ALWAYS_SEARCH_USER_PATHS = NO;
				CLANG_CXX_LANGUAGE_STANDARD = "gnu++0x";
				CLANG_CXX_LIBRARY = "libc++";
				CLANG_ENABLE_MODULES = YES;
				CLANG_ENABLE_OBJC_ARC = YES;
				CLANG_WARN_BOOL_CONVERSION = YES;
				CLANG_WARN_CONSTANT_CONVERSION = YES;
				CLANG_WARN_DIRECT_OBJC_ISA_USAGE = YES_ERROR;
				CLANG_WARN_EMPTY_BODY = YES;
				CLANG_WARN_ENUM_CONVERSION = YES;
				CLANG_WARN_INT_CONVERSION = YES;
				CLANG_WARN_OBJC_ROOT_CLASS = YES_ERROR;
				CLANG_WARN_UNREACHABLE_CODE = YES;
				CLANG_WARN__DUPLICATE_METHOD_MATCH = YES;
				"CODE_SIGN_IDENTITY[sdk=iphoneos*]" = "iPhone Developer";
				COPY_PHASE_STRIP = NO;
				DEBUG_INFORMATION_FORMAT = "dwarf-with-dsym";
				ENABLE_NS_ASSERTIONS = NO;
				ENABLE_STRICT_OBJC_MSGSEND = YES;
				GCC_C_LANGUAGE_STANDARD = gnu99;
				GCC_NO_COMMON_BLOCKS = YES;
				GCC_WARN_64_TO_32_BIT_CONVERSION = YES;
				GCC_WARN_ABOUT_RETURN_TYPE = YES_ERROR;
				GCC_WARN_UNDECLARED_SELECTOR = YES;
				GCC_WARN_UNINITIALIZED_AUTOS = YES_AGGRESSIVE;
				GCC_WARN_UNUSED_FUNCTION = YES;
				GCC_WARN_UNUSED_VARIABLE = YES;
				IPHONEOS_DEPLOYMENT_TARGET = 9.2;
				MTL_ENABLE_DEBUG_INFO = NO;
				SDKROOT = iphoneos;
				VALIDATE_PRODUCT = YES;
			};
			name = Release;
		};
		91CD20CC1C4F46560071C383 /* Debug */ = {
			isa = XCBuildConfiguration;
			buildSettings = {
				ASSETCATALOG_COMPILER_APPICON_NAME = AppIcon;
				INFOPLIST_FILE = "Pitch Perfect/Info.plist";
				LD_RUNPATH_SEARCH_PATHS = "$(inherited) @executable_path/Frameworks";
				PRODUCT_BUNDLE_IDENTIFIER = "com.github.iMoment.Pitch-Perfect";
				PRODUCT_NAME = "$(TARGET_NAME)";
			};
			name = Debug;
		};
		91CD20CD1C4F46560071C383 /* Release */ = {
			isa = XCBuildConfiguration;
			buildSettings = {
				ASSETCATALOG_COMPILER_APPICON_NAME = AppIcon;
				INFOPLIST_FILE = "Pitch Perfect/Info.plist";
				LD_RUNPATH_SEARCH_PATHS = "$(inherited) @executable_path/Frameworks";
				PRODUCT_BUNDLE_IDENTIFIER = "com.github.iMoment.Pitch-Perfect";
				PRODUCT_NAME = "$(TARGET_NAME)";
			};
			name = Release;
		};
		91CD20CF1C4F46560071C383 /* Debug */ = {
			isa = XCBuildConfiguration;
			buildSettings = {
				BUNDLE_LOADER = "$(TEST_HOST)";
				INFOPLIST_FILE = "Pitch PerfectTests/Info.plist";
				LD_RUNPATH_SEARCH_PATHS = "$(inherited) @executable_path/Frameworks @loader_path/Frameworks";
				PRODUCT_BUNDLE_IDENTIFIER = "com.github.iMoment.Pitch-PerfectTests";
				PRODUCT_NAME = "$(TARGET_NAME)";
				TEST_HOST = "$(BUILT_PRODUCTS_DIR)/Pitch Perfect.app/Pitch Perfect";
			};
			name = Debug;
		};
		91CD20D01C4F46560071C383 /* Release */ = {
			isa = XCBuildConfiguration;
			buildSettings = {
				BUNDLE_LOADER = "$(TEST_HOST)";
				INFOPLIST_FILE = "Pitch PerfectTests/Info.plist";
				LD_RUNPATH_SEARCH_PATHS = "$(inherited) @executable_path/Frameworks @loader_path/Frameworks";
				PRODUCT_BUNDLE_IDENTIFIER = "com.github.iMoment.Pitch-PerfectTests";
				PRODUCT_NAME = "$(TARGET_NAME)";
				TEST_HOST = "$(BUILT_PRODUCTS_DIR)/Pitch Perfect.app/Pitch Perfect";
			};
			name = Release;
		};
		91CD20D21C4F46560071C383 /* Debug */ = {
			isa = XCBuildConfiguration;
			buildSettings = {
				INFOPLIST_FILE = "Pitch PerfectUITests/Info.plist";
				LD_RUNPATH_SEARCH_PATHS = "$(inherited) @executable_path/Frameworks @loader_path/Frameworks";
				PRODUCT_BUNDLE_IDENTIFIER = "com.github.iMoment.Pitch-PerfectUITests";
				PRODUCT_NAME = "$(TARGET_NAME)";
				TEST_TARGET_NAME = "Pitch Perfect";
				USES_XCTRUNNER = YES;
			};
			name = Debug;
		};
		91CD20D31C4F46560071C383 /* Release */ = {
			isa = XCBuildConfiguration;
			buildSettings = {
				INFOPLIST_FILE = "Pitch PerfectUITests/Info.plist";
				LD_RUNPATH_SEARCH_PATHS = "$(inherited) @executable_path/Frameworks @loader_path/Frameworks";
				PRODUCT_BUNDLE_IDENTIFIER = "com.github.iMoment.Pitch-PerfectUITests";
				PRODUCT_NAME = "$(TARGET_NAME)";
				TEST_TARGET_NAME = "Pitch Perfect";
				USES_XCTRUNNER = YES;
			};
			name = Release;
		};
/* End XCBuildConfiguration section */

/* Begin XCConfigurationList section */
		91CD209E1C4F46560071C383 /* Build configuration list for PBXProject "Pitch Perfect" */ = {
			isa = XCConfigurationList;
			buildConfigurations = (
				91CD20C91C4F46560071C383 /* Debug */,
				91CD20CA1C4F46560071C383 /* Release */,
			);
			defaultConfigurationIsVisible = 0;
			defaultConfigurationName = Release;
		};
		91CD20CB1C4F46560071C383 /* Build configuration list for PBXNativeTarget "Pitch Perfect" */ = {
			isa = XCConfigurationList;
			buildConfigurations = (
				91CD20CC1C4F46560071C383 /* Debug */,
				91CD20CD1C4F46560071C383 /* Release */,
			);
			defaultConfigurationIsVisible = 0;
		};
		91CD20CE1C4F46560071C383 /* Build configuration list for PBXNativeTarget "Pitch PerfectTests" */ = {
			isa = XCConfigurationList;
			buildConfigurations = (
				91CD20CF1C4F46560071C383 /* Debug */,
				91CD20D01C4F46560071C383 /* Release */,
			);
			defaultConfigurationIsVisible = 0;
		};
		91CD20D11C4F46560071C383 /* Build configuration list for PBXNativeTarget "Pitch PerfectUITests" */ = {
			isa = XCConfigurationList;
			buildConfigurations = (
				91CD20D21C4F46560071C383 /* Debug */,
				91CD20D31C4F46560071C383 /* Release */,
			);
			defaultConfigurationIsVisible = 0;
		};
/* End XCConfigurationList section */
	};
	rootObject = 91CD209B1C4F46560071C383 /* Project object */;
}
